// !$*UTF8*$!
{
	archiveVersion = 1;
	classes = {
	};
	objectVersion = 50;
	objects = {

/* Begin PBXBuildFile section */
		B5977A2021596C4F003DBC3E /* DetailViewController.swift in Sources */ = {isa = PBXBuildFile; fileRef = B5977A1F21596C4F003DBC3E /* DetailViewController.swift */; };
		B5977A2221596CD4003DBC3E /* DetailViewModelType.swift in Sources */ = {isa = PBXBuildFile; fileRef = B5977A2121596CD4003DBC3E /* DetailViewModelType.swift */; };
		B5977A2421596E7A003DBC3E /* DetailViewModel.swift in Sources */ = {isa = PBXBuildFile; fileRef = B5977A2321596E7A003DBC3E /* DetailViewModel.swift */; };
		B5B9273321582C0A0062D06C /* AppDelegate.swift in Sources */ = {isa = PBXBuildFile; fileRef = B5B9273221582C0A0062D06C /* AppDelegate.swift */; };
		B5B9273821582C0A0062D06C /* Main.storyboard in Resources */ = {isa = PBXBuildFile; fileRef = B5B9273621582C0A0062D06C /* Main.storyboard */; };
		B5B9273A21582C0D0062D06C /* Assets.xcassets in Resources */ = {isa = PBXBuildFile; fileRef = B5B9273921582C0D0062D06C /* Assets.xcassets */; };
		B5B9273D21582C0D0062D06C /* LaunchScreen.storyboard in Resources */ = {isa = PBXBuildFile; fileRef = B5B9273B21582C0D0062D06C /* LaunchScreen.storyboard */; };
		B5B92749215833C90062D06C /* TableViewController.swift in Sources */ = {isa = PBXBuildFile; fileRef = B5B92748215833C90062D06C /* TableViewController.swift */; };
		B5B9274B215834140062D06C /* Profile.swift in Sources */ = {isa = PBXBuildFile; fileRef = B5B9274A215834140062D06C /* Profile.swift */; };
		B5B9274D2158361D0062D06C /* TableViewCell.swift in Sources */ = {isa = PBXBuildFile; fileRef = B5B9274C2158361D0062D06C /* TableViewCell.swift */; };
		B5B92751215839970062D06C /* ViewModel.swift in Sources */ = {isa = PBXBuildFile; fileRef = B5B92750215839970062D06C /* ViewModel.swift */; };
		B5B9275321583ADD0062D06C /* TableViewModelType.swift in Sources */ = {isa = PBXBuildFile; fileRef = B5B9275221583ADD0062D06C /* TableViewModelType.swift */; };
		B5B9275721583E8F0062D06C /* TableViewCellViewModelType.swift in Sources */ = {isa = PBXBuildFile; fileRef = B5B9275621583E8F0062D06C /* TableViewCellViewModelType.swift */; };
		B5B92759215842F90062D06C /* TableViewCellViewModel.swift in Sources */ = {isa = PBXBuildFile; fileRef = B5B92758215842F90062D06C /* TableViewCellViewModel.swift */; };
/* End PBXBuildFile section */

/* Begin PBXFileReference section */
		B5977A1F21596C4F003DBC3E /* DetailViewController.swift */ = {isa = PBXFileReference; lastKnownFileType = sourcecode.swift; path = DetailViewController.swift; sourceTree = "<group>"; };
		B5977A2121596CD4003DBC3E /* DetailViewModelType.swift */ = {isa = PBXFileReference; lastKnownFileType = sourcecode.swift; path = DetailViewModelType.swift; sourceTree = "<group>"; };
		B5977A2321596E7A003DBC3E /* DetailViewModel.swift */ = {isa = PBXFileReference; lastKnownFileType = sourcecode.swift; path = DetailViewModel.swift; sourceTree = "<group>"; };
		B5B9272F21582C0A0062D06C /* MVVM.app */ = {isa = PBXFileReference; explicitFileType = wrapper.application; includeInIndex = 0; path = MVVM.app; sourceTree = BUILT_PRODUCTS_DIR; };
		B5B9273221582C0A0062D06C /* AppDelegate.swift */ = {isa = PBXFileReference; lastKnownFileType = sourcecode.swift; path = AppDelegate.swift; sourceTree = "<group>"; };
		B5B9273721582C0A0062D06C /* Base */ = {isa = PBXFileReference; lastKnownFileType = file.storyboard; name = Base; path = Base.lproj/Main.storyboard; sourceTree = "<group>"; };
		B5B9273921582C0D0062D06C /* Assets.xcassets */ = {isa = PBXFileReference; lastKnownFileType = folder.assetcatalog; path = Assets.xcassets; sourceTree = "<group>"; };
		B5B9273C21582C0D0062D06C /* Base */ = {isa = PBXFileReference; lastKnownFileType = file.storyboard; name = Base; path = Base.lproj/LaunchScreen.storyboard; sourceTree = "<group>"; };
		B5B9273E21582C0D0062D06C /* Info.plist */ = {isa = PBXFileReference; lastKnownFileType = text.plist.xml; path = Info.plist; sourceTree = "<group>"; };
		B5B92748215833C90062D06C /* TableViewController.swift */ = {isa = PBXFileReference; lastKnownFileType = sourcecode.swift; path = TableViewController.swift; sourceTree = "<group>"; };
		B5B9274A215834140062D06C /* Profile.swift */ = {isa = PBXFileReference; lastKnownFileType = sourcecode.swift; path = Profile.swift; sourceTree = "<group>"; };
		B5B9274C2158361D0062D06C /* TableViewCell.swift */ = {isa = PBXFileReference; lastKnownFileType = sourcecode.swift; path = TableViewCell.swift; sourceTree = "<group>"; };
		B5B92750215839970062D06C /* ViewModel.swift */ = {isa = PBXFileReference; lastKnownFileType = sourcecode.swift; path = ViewModel.swift; sourceTree = "<group>"; };
		B5B9275221583ADD0062D06C /* TableViewModelType.swift */ = {isa = PBXFileReference; lastKnownFileType = sourcecode.swift; path = TableViewModelType.swift; sourceTree = "<group>"; };
		B5B9275621583E8F0062D06C /* TableViewCellViewModelType.swift */ = {isa = PBXFileReference; lastKnownFileType = sourcecode.swift; path = TableViewCellViewModelType.swift; sourceTree = "<group>"; };
		B5B92758215842F90062D06C /* TableViewCellViewModel.swift */ = {isa = PBXFileReference; lastKnownFileType = sourcecode.swift; path = TableViewCellViewModel.swift; sourceTree = "<group>"; };
/* End PBXFileReference section */

/* Begin PBXFrameworksBuildPhase section */
		B5B9272C21582C0A0062D06C /* Frameworks */ = {
			isa = PBXFrameworksBuildPhase;
			buildActionMask = 2147483647;
			files = (
			);
			runOnlyForDeploymentPostprocessing = 0;
		};
/* End PBXFrameworksBuildPhase section */

/* Begin PBXGroup section */
		B5B9272621582C0A0062D06C = {
			isa = PBXGroup;
			children = (
				B5B9273121582C0A0062D06C /* MVVM */,
				B5B9273021582C0A0062D06C /* Products */,
			);
			sourceTree = "<group>";
		};
		B5B9273021582C0A0062D06C /* Products */ = {
			isa = PBXGroup;
			children = (
				B5B9272F21582C0A0062D06C /* MVVM.app */,
			);
			name = Products;
			sourceTree = "<group>";
		};
		B5B9273121582C0A0062D06C /* MVVM */ = {
			isa = PBXGroup;
			children = (
				B5B9273221582C0A0062D06C /* AppDelegate.swift */,
				B5B9275421583B720062D06C /* ViewModel */,
				B5B9275521583B8B0062D06C /* Protocols */,
				B5B9274E215836B80062D06C /* Model */,
				B5B9274F215836E30062D06C /* View */,
				B5B9273621582C0A0062D06C /* Main.storyboard */,
				B5B9273921582C0D0062D06C /* Assets.xcassets */,
				B5B9273B21582C0D0062D06C /* LaunchScreen.storyboard */,
				B5B9273E21582C0D0062D06C /* Info.plist */,
			);
			path = MVVM;
			sourceTree = "<group>";
		};
		B5B9274E215836B80062D06C /* Model */ = {
			isa = PBXGroup;
			children = (
				B5B9274A215834140062D06C /* Profile.swift */,
			);
			path = Model;
			sourceTree = "<group>";
		};
		B5B9274F215836E30062D06C /* View */ = {
			isa = PBXGroup;
			children = (
				B5B92748215833C90062D06C /* TableViewController.swift */,
				B5977A1F21596C4F003DBC3E /* DetailViewController.swift */,
				B5B9274C2158361D0062D06C /* TableViewCell.swift */,
			);
			path = View;
			sourceTree = "<group>";
		};
		B5B9275421583B720062D06C /* ViewModel */ = {
			isa = PBXGroup;
			children = (
				B5B92750215839970062D06C /* ViewModel.swift */,
				B5977A2321596E7A003DBC3E /* DetailViewModel.swift */,
				B5B92758215842F90062D06C /* TableViewCellViewModel.swift */,
			);
			path = ViewModel;
			sourceTree = "<group>";
		};
		B5B9275521583B8B0062D06C /* Protocols */ = {
			isa = PBXGroup;
			children = (
				B5B9275221583ADD0062D06C /* TableViewModelType.swift */,
				B5B9275621583E8F0062D06C /* TableViewCellViewModelType.swift */,
				B5977A2121596CD4003DBC3E /* DetailViewModelType.swift */,
			);
			path = Protocols;
			sourceTree = "<group>";
		};
/* End PBXGroup section */

/* Begin PBXNativeTarget section */
		B5B9272E21582C0A0062D06C /* MVVM */ = {
			isa = PBXNativeTarget;
			buildConfigurationList = B5B9274121582C0D0062D06C /* Build configuration list for PBXNativeTarget "MVVM" */;
			buildPhases = (
				B5B9272B21582C0A0062D06C /* Sources */,
				B5B9272C21582C0A0062D06C /* Frameworks */,
				B5B9272D21582C0A0062D06C /* Resources */,
			);
			buildRules = (
			);
			dependencies = (
			);
			name = MVVM;
			productName = MVVM;
			productReference = B5B9272F21582C0A0062D06C /* MVVM.app */;
			productType = "com.apple.product-type.application";
		};
/* End PBXNativeTarget section */

/* Begin PBXProject section */
		B5B9272721582C0A0062D06C /* Project object */ = {
			isa = PBXProject;
			attributes = {
				LastSwiftUpdateCheck = 1000;
				LastUpgradeCheck = 1000;
				ORGANIZATIONNAME = Konstantin;
				TargetAttributes = {
					B5B9272E21582C0A0062D06C = {
						CreatedOnToolsVersion = 10.0;
					};
				};
			};
			buildConfigurationList = B5B9272A21582C0A0062D06C /* Build configuration list for PBXProject "MVVM" */;
			compatibilityVersion = "Xcode 9.3";
			developmentRegion = en;
			hasScannedForEncodings = 0;
			knownRegions = (
				en,
				Base,
			);
			mainGroup = B5B9272621582C0A0062D06C;
			productRefGroup = B5B9273021582C0A0062D06C /* Products */;
			projectDirPath = "";
			projectRoot = "";
			targets = (
				B5B9272E21582C0A0062D06C /* MVVM */,
			);
		};
/* End PBXProject section */

/* Begin PBXResourcesBuildPhase section */
		B5B9272D21582C0A0062D06C /* Resources */ = {
			isa = PBXResourcesBuildPhase;
			buildActionMask = 2147483647;
			files = (
				B5B9273D21582C0D0062D06C /* LaunchScreen.storyboard in Resources */,
				B5B9273A21582C0D0062D06C /* Assets.xcassets in Resources */,
				B5B9273821582C0A0062D06C /* Main.storyboard in Resources */,
			);
			runOnlyForDeploymentPostprocessing = 0;
		};
/* End PBXResourcesBuildPhase section */

/* Begin PBXSourcesBuildPhase section */
		B5B9272B21582C0A0062D06C /* Sources */ = {
			isa = PBXSourcesBuildPhase;
			buildActionMask = 2147483647;
			files = (
				B5977A2021596C4F003DBC3E /* DetailViewController.swift in Sources */,
				B5B9275721583E8F0062D06C /* TableViewCellViewModelType.swift in Sources */,
				B5B92751215839970062D06C /* ViewModel.swift in Sources */,
				B5977A2221596CD4003DBC3E /* DetailViewModelType.swift in Sources */,
				B5B9273321582C0A0062D06C /* AppDelegate.swift in Sources */,
				B5B9274D2158361D0062D06C /* TableViewCell.swift in Sources */,
				B5B9274B215834140062D06C /* Profile.swift in Sources */,
				B5B92749215833C90062D06C /* TableViewController.swift in Sources */,
				B5B92759215842F90062D06C /* TableViewCellViewModel.swift in Sources */,
				B5977A2421596E7A003DBC3E /* DetailViewModel.swift in Sources */,
				B5B9275321583ADD0062D06C /* TableViewModelType.swift in Sources */,
			);
			runOnlyForDeploymentPostprocessing = 0;
		};
/* End PBXSourcesBuildPhase section */

/* Begin PBXVariantGroup section */
		B5B9273621582C0A0062D06C /* Main.storyboard */ = {
			isa = PBXVariantGroup;
			children = (
				B5B9273721582C0A0062D06C /* Base */,
			);
			name = Main.storyboard;
			sourceTree = "<group>";
		};
		B5B9273B21582C0D0062D06C /* LaunchScreen.storyboard */ = {
			isa = PBXVariantGroup;
			children = (
				B5B9273C21582C0D0062D06C /* Base */,
			);
			name = LaunchScreen.storyboard;
			sourceTree = "<group>";
		};
/* End PBXVariantGroup section */

/* Begin XCBuildConfiguration section */
		B5B9273F21582C0D0062D06C /* Debug */ = {
			isa = XCBuildConfiguration;
			buildSettings = {
				ALWAYS_SEARCH_USER_PATHS = NO;
				CLANG_ANALYZER_NONNULL = YES;
				CLANG_ANALYZER_NUMBER_OBJECT_CONVERSION = YES_AGGRESSIVE;
				CLANG_CXX_LANGUAGE_STANDARD = "gnu++14";
				CLANG_CXX_LIBRARY = "libc++";
				CLANG_ENABLE_MODULES = YES;
				CLANG_ENABLE_OBJC_ARC = YES;
				CLANG_ENABLE_OBJC_WEAK = YES;
				CLANG_WARN_BLOCK_CAPTURE_AUTORELEASING = YES;
				CLANG_WARN_BOOL_CONVERSION = YES;
				CLANG_WARN_COMMA = YES;
				CLANG_WARN_CONSTANT_CONVERSION = YES;
				CLANG_WARN_DEPRECATED_OBJC_IMPLEMENTATIONS = YES;
				CLANG_WARN_DIRECT_OBJC_ISA_USAGE = YES_ERROR;
				CLANG_WARN_DOCUMENTATION_COMMENTS = YES;
				CLANG_WARN_EMPTY_BODY = YES;
				CLANG_WARN_ENUM_CONVERSION = YES;
				CLANG_WARN_INFINITE_RECURSION = YES;
				CLANG_WARN_INT_CONVERSION = YES;
				CLANG_WARN_NON_LITERAL_NULL_CONVERSION = YES;
				CLANG_WARN_OBJC_IMPLICIT_RETAIN_SELF = YES;
				CLANG_WARN_OBJC_LITERAL_CONVERSION = YES;
				CLANG_WARN_OBJC_ROOT_CLASS = YES_ERROR;
				CLANG_WARN_RANGE_LOOP_ANALYSIS = YES;
				CLANG_WARN_STRICT_PROTOTYPES = YES;
				CLANG_WARN_SUSPICIOUS_MOVE = YES;
				CLANG_WARN_UNGUARDED_AVAILABILITY = YES_AGGRESSIVE;
				CLANG_WARN_UNREACHABLE_CODE = YES;
				CLANG_WARN__DUPLICATE_METHOD_MATCH = YES;
				CODE_SIGN_IDENTITY = "iPhone Developer";
				COPY_PHASE_STRIP = NO;
				DEBUG_INFORMATION_FORMAT = dwarf;
				ENABLE_STRICT_OBJC_MSGSEND = YES;
				ENABLE_TESTABILITY = YES;
				GCC_C_LANGUAGE_STANDARD = gnu11;
				GCC_DYNAMIC_NO_PIC = NO;
				GCC_NO_COMMON_BLOCKS = YES;
				GCC_OPTIMIZATION_LEVEL = 0;
				GCC_PREPROCESSOR_DEFINITIONS = (
					"DEBUG=1",
					"$(inherited)",
				);
				GCC_WARN_64_TO_32_BIT_CONVERSION = YES;
				GCC_WARN_ABOUT_RETURN_TYPE = YES_ERROR;
				GCC_WARN_UNDECLARED_SELECTOR = YES;
				GCC_WARN_UNINITIALIZED_AUTOS = YES_AGGRESSIVE;
				GCC_WARN_UNUSED_FUNCTION = YES;
				GCC_WARN_UNUSED_VARIABLE = YES;
				IPHONEOS_DEPLOYMENT_TARGET = 12.0;
				MTL_ENABLE_DEBUG_INFO = INCLUDE_SOURCE;
				MTL_FAST_MATH = YES;
				ONLY_ACTIVE_ARCH = YES;
				SDKROOT = iphoneos;
				SWIFT_ACTIVE_COMPILATION_CONDITIONS = DEBUG;
				SWIFT_OPTIMIZATION_LEVEL = "-Onone";
			};
			name = Debug;
		};
		B5B9274021582C0D0062D06C /* Release */ = {
			isa = XCBuildConfiguration;
			buildSettings = {
				ALWAYS_SEARCH_USER_PATHS = NO;
				CLANG_ANALYZER_NONNULL = YES;
				CLANG_ANALYZER_NUMBER_OBJECT_CONVERSION = YES_AGGRESSIVE;
				CLANG_CXX_LANGUAGE_STANDARD = "gnu++14";
				CLANG_CXX_LIBRARY = "libc++";
				CLANG_ENABLE_MODULES = YES;
				CLANG_ENABLE_OBJC_ARC = YES;
				CLANG_ENABLE_OBJC_WEAK = YES;
				CLANG_WARN_BLOCK_CAPTURE_AUTORELEASING = YES;
				CLANG_WARN_BOOL_CONVERSION = YES;
				CLANG_WARN_COMMA = YES;
				CLANG_WARN_CONSTANT_CONVERSION = YES;
				CLANG_WARN_DEPRECATED_OBJC_IMPLEMENTATIONS = YES;
				CLANG_WARN_DIRECT_OBJC_ISA_USAGE = YES_ERROR;
				CLANG_WARN_DOCUMENTATION_COMMENTS = YES;
				CLANG_WARN_EMPTY_BODY = YES;
				CLANG_WARN_ENUM_CONVERSION = YES;
				CLANG_WARN_INFINITE_RECURSION = YES;
				CLANG_WARN_INT_CONVERSION = YES;
				CLANG_WARN_NON_LITERAL_NULL_CONVERSION = YES;
				CLANG_WARN_OBJC_IMPLICIT_RETAIN_SELF = YES;
				CLANG_WARN_OBJC_LITERAL_CONVERSION = YES;
				CLANG_WARN_OBJC_ROOT_CLASS = YES_ERROR;
				CLANG_WARN_RANGE_LOOP_ANALYSIS = YES;
				CLANG_WARN_STRICT_PROTOTYPES = YES;
				CLANG_WARN_SUSPICIOUS_MOVE = YES;
				CLANG_WARN_UNGUARDED_AVAILABILITY = YES_AGGRESSIVE;
				CLANG_WARN_UNREACHABLE_CODE = YES;
				CLANG_WARN__DUPLICATE_METHOD_MATCH = YES;
				CODE_SIGN_IDENTITY = "iPhone Developer";
				COPY_PHASE_STRIP = NO;
				DEBUG_INFORMATION_FORMAT = "dwarf-with-dsym";
				ENABLE_NS_ASSERTIONS = NO;
				ENABLE_STRICT_OBJC_MSGSEND = YES;
				GCC_C_LANGUAGE_STANDARD = gnu11;
				GCC_NO_COMMON_BLOCKS = YES;
				GCC_WARN_64_TO_32_BIT_CONVERSION = YES;
				GCC_WARN_ABOUT_RETURN_TYPE = YES_ERROR;
				GCC_WARN_UNDECLARED_SELECTOR = YES;
				GCC_WARN_UNINITIALIZED_AUTOS = YES_AGGRESSIVE;
				GCC_WARN_UNUSED_FUNCTION = YES;
				GCC_WARN_UNUSED_VARIABLE = YES;
				IPHONEOS_DEPLOYMENT_TARGET = 12.0;
				MTL_ENABLE_DEBUG_INFO = NO;
				MTL_FAST_MATH = YES;
				SDKROOT = iphoneos;
				SWIFT_COMPILATION_MODE = wholemodule;
				SWIFT_OPTIMIZATION_LEVEL = "-O";
				VALIDATE_PRODUCT = YES;
			};
			name = Release;
		};
		B5B9274221582C0D0062D06C /* Debug */ = {
			isa = XCBuildConfiguration;
			buildSettings = {
				ASSETCATALOG_COMPILER_APPICON_NAME = AppIcon;
				CODE_SIGN_STYLE = Automatic;
				INFOPLIST_FILE = MVVM/Info.plist;
				LD_RUNPATH_SEARCH_PATHS = (
					"$(inherited)",
					"@executable_path/Frameworks",
				);
				PRODUCT_BUNDLE_IDENTIFIER = Home.MVVM;
				PRODUCT_NAME = "$(TARGET_NAME)";
				SWIFT_VERSION = 4.2;
				TARGETED_DEVICE_FAMILY = "1,2";
			};
			name = Debug;
		};
		B5B9274321582C0D0062D06C /* Release */ = {
			isa = XCBuildConfiguration;
			buildSettings = {
				ASSETCATALOG_COMPILER_APPICON_NAME = AppIcon;
				CODE_SIGN_STYLE = Automatic;
				INFOPLIST_FILE = MVVM/Info.plist;
				LD_RUNPATH_SEARCH_PATHS = (
					"$(inherited)",
					"@executable_path/Frameworks",
				);
				PRODUCT_BUNDLE_IDENTIFIER = Home.MVVM;
				PRODUCT_NAME = "$(TARGET_NAME)";
				SWIFT_VERSION = 4.2;
				TARGETED_DEVICE_FAMILY = "1,2";
			};
			name = Release;
		};
/* End XCBuildConfiguration section */

/* Begin XCConfigurationList section */
		B5B9272A21582C0A0062D06C /* Build configuration list for PBXProject "MVVM" */ = {
			isa = XCConfigurationList;
			buildConfigurations = (
				B5B9273F21582C0D0062D06C /* Debug */,
				B5B9274021582C0D0062D06C /* Release */,
			);
			defaultConfigurationIsVisible = 0;
			defaultConfigurationName = Release;
		};
		B5B9274121582C0D0062D06C /* Build configuration list for PBXNativeTarget "MVVM" */ = {
			isa = XCConfigurationList;
			buildConfigurations = (
				B5B9274221582C0D0062D06C /* Debug */,
				B5B9274321582C0D0062D06C /* Release */,
			);
			defaultConfigurationIsVisible = 0;
			defaultConfigurationName = Release;
		};
/* End XCConfigurationList section */
	};
	rootObject = B5B9272721582C0A0062D06C /* Project object */;
}
